
Microsoft Visual Studio Solution File, Format Version 12.00
# Visual Studio Version 16
VisualStudioVersion = 16.0.31624.102
MinimumVisualStudioVersion = 10.0.40219.1
Project("{9A19103F-16F7-4668-BE54-9A1E7A4F7556}") = "ShowDetailViewFromDashboard.Module", "ShowDetailViewFromDashboard.Module\ShowDetailViewFromDashboard.Module.csproj", "{E110DAEE-237B-43F5-803B-2B099C612287}"
EndProject
Project("{9A19103F-16F7-4668-BE54-9A1E7A4F7556}") = "ShowDetailViewFromDashboard.Module.Blazor", "ShowDetailViewFromDashboard.Module.Blazor\ShowDetailViewFromDashboard.Module.Blazor.csproj", "{7277C820-49BB-438F-AF61-5D391FB3C246}"
EndProject
Project("{9A19103F-16F7-4668-BE54-9A1E7A4F7556}") = "ShowDetailViewFromDashboard.Blazor.Server", "ShowDetailViewFromDashboard.Blazor.Server\ShowDetailViewFromDashboard.Blazor.Server.csproj", "{31A3564C-1DC3-4548-866F-55674C87D34A}"
EndProject
Global
	GlobalSection(SolutionConfigurationPlatforms) = preSolution
		Debug|Any CPU = Debug|Any CPU
		EasyTest|Any CPU = EasyTest|Any CPU
		Release|Any CPU = Release|Any CPU
	EndGlobalSection
	GlobalSection(ProjectConfigurationPlatforms) = postSolution
		{E110DAEE-237B-43F5-803B-2B099C612287}.Debug|Any CPU.ActiveCfg = Debug|Any CPU
		{E110DAEE-237B-43F5-803B-2B099C612287}.Debug|Any CPU.Build.0 = Debug|Any CPU
		{E110DAEE-237B-43F5-803B-2B099C612287}.EasyTest|Any CPU.ActiveCfg = EasyTest|Any CPU
		{E110DAEE-237B-43F5-803B-2B099C612287}.EasyTest|Any CPU.Build.0 = EasyTest|Any CPU
		{E110DAEE-237B-43F5-803B-2B099C612287}.Release|Any CPU.ActiveCfg = Release|Any CPU
		{E110DAEE-237B-43F5-803B-2B099C612287}.Release|Any CPU.Build.0 = Release|Any CPU
		{7277C820-49BB-438F-AF61-5D391FB3C246}.Debug|Any CPU.ActiveCfg = Debug|Any CPU
		{7277C820-49BB-438F-AF61-5D391FB3C246}.Debug|Any CPU.Build.0 = Debug|Any CPU
		{7277C820-49BB-438F-AF61-5D391FB3C246}.EasyTest|Any CPU.ActiveCfg = EasyTest|Any CPU
		{7277C820-49BB-438F-AF61-5D391FB3C246}.EasyTest|Any CPU.Build.0 = EasyTest|Any CPU
		{7277C820-49BB-438F-AF61-5D391FB3C246}.Release|Any CPU.ActiveCfg = Release|Any CPU
		{7277C820-49BB-438F-AF61-5D391FB3C246}.Release|Any CPU.Build.0 = Release|Any CPU
		{31A3564C-1DC3-4548-866F-55674C87D34A}.Debug|Any CPU.ActiveCfg = Debug|Any CPU
		{31A3564C-1DC3-4548-866F-55674C87D34A}.Debug|Any CPU.Build.0 = Debug|Any CPU
		{31A3564C-1DC3-4548-866F-55674C87D34A}.EasyTest|Any CPU.ActiveCfg = EasyTest|Any CPU
		{31A3564C-1DC3-4548-866F-55674C87D34A}.EasyTest|Any CPU.Build.0 = EasyTest|Any CPU
		{31A3564C-1DC3-4548-866F-55674C87D34A}.Release|Any CPU.ActiveCfg = Release|Any CPU
		{31A3564C-1DC3-4548-866F-55674C87D34A}.Release|Any CPU.Build.0 = Release|Any CPU
	EndGlobalSection
	GlobalSection(SolutionProperties) = preSolution
		HideSolutionNode = FALSE
	EndGlobalSection
	GlobalSection(ExtensibilityGlobals) = postSolution
		SolutionGuid = {3214A970-1D26-4F36-A30A-47B36E1E69B5}
	EndGlobalSection
EndGlobal
